
Microsoft Visual Studio Solution File, Format Version 12.00
# Visual Studio Version 16
VisualStudioVersion = 16.0.31613.86
MinimumVisualStudioVersion = 10.0.40219.1
Project("{2150E333-8FDC-42A3-9474-1A3956D46DE8}") = "src", "src", "{73F74D17-E7C1-4A7A-8F6E-DB572BA95303}"
EndProject
Project("{2150E333-8FDC-42A3-9474-1A3956D46DE8}") = "test", "test", "{65BCED66-684B-4582-8BD8-E8D9C341D23F}"
EndProject
Project("{2150E333-8FDC-42A3-9474-1A3956D46DE8}") = "API", "API", "{D77A0A28-68C2-4BB4-A8FC-21B52888D66A}"
EndProject
Project("{2150E333-8FDC-42A3-9474-1A3956D46DE8}") = "Ouath", "Ouath", "{3A080833-1DCF-4D0D-87A8-30F1CE48A8F2}"
EndProject
Project("{2150E333-8FDC-42A3-9474-1A3956D46DE8}") = "ApiGateway", "ApiGateway", "{BEC3C85B-F29D-497F-A8F2-4EF57854F386}"
EndProject
Project("{2150E333-8FDC-42A3-9474-1A3956D46DE8}") = "AdminPanel", "AdminPanel", "{F2102294-F7AC-4041-8F3A-80FD74C4B1AA}"
EndProject
Project("{2150E333-8FDC-42A3-9474-1A3956D46DE8}") = "Client", "Client", "{B302E0D2-DA96-4FBE-994C-70FDE1D981B4}"
EndProject
Project("{2150E333-8FDC-42A3-9474-1A3956D46DE8}") = "Logger", "Logger", "{459AC413-552B-44A0-8FFE-C06BD078F26D}"
EndProject
Project("{FAE04EC0-301F-11D3-BF4B-00C04F79EFBC}") = "ApiGateway", "ApiGateway\ApiGateway\ApiGateway.csproj", "{55FEF6CB-B733-40B6-BCD8-29ADAE62B3B0}"
EndProject
Global
	GlobalSection(SolutionConfigurationPlatforms) = preSolution
		Debug|Any CPU = Debug|Any CPU
		Release|Any CPU = Release|Any CPU
	EndGlobalSection
	GlobalSection(ProjectConfigurationPlatforms) = postSolution
		{55FEF6CB-B733-40B6-BCD8-29ADAE62B3B0}.Debug|Any CPU.ActiveCfg = Debug|Any CPU
		{55FEF6CB-B733-40B6-BCD8-29ADAE62B3B0}.Debug|Any CPU.Build.0 = Debug|Any CPU
		{55FEF6CB-B733-40B6-BCD8-29ADAE62B3B0}.Release|Any CPU.ActiveCfg = Release|Any CPU
		{55FEF6CB-B733-40B6-BCD8-29ADAE62B3B0}.Release|Any CPU.Build.0 = Release|Any CPU
	EndGlobalSection
	GlobalSection(SolutionProperties) = preSolution
		HideSolutionNode = FALSE
	EndGlobalSection
	GlobalSection(NestedProjects) = preSolution
		{D77A0A28-68C2-4BB4-A8FC-21B52888D66A} = {73F74D17-E7C1-4A7A-8F6E-DB572BA95303}
		{3A080833-1DCF-4D0D-87A8-30F1CE48A8F2} = {73F74D17-E7C1-4A7A-8F6E-DB572BA95303}
		{BEC3C85B-F29D-497F-A8F2-4EF57854F386} = {73F74D17-E7C1-4A7A-8F6E-DB572BA95303}
		{F2102294-F7AC-4041-8F3A-80FD74C4B1AA} = {73F74D17-E7C1-4A7A-8F6E-DB572BA95303}
		{B302E0D2-DA96-4FBE-994C-70FDE1D981B4} = {73F74D17-E7C1-4A7A-8F6E-DB572BA95303}
		{459AC413-552B-44A0-8FFE-C06BD078F26D} = {73F74D17-E7C1-4A7A-8F6E-DB572BA95303}
		{55FEF6CB-B733-40B6-BCD8-29ADAE62B3B0} = {BEC3C85B-F29D-497F-A8F2-4EF57854F386}
	EndGlobalSection
	GlobalSection(ExtensibilityGlobals) = postSolution
		SolutionGuid = {5D018CB9-FC12-4E6A-9F01-098999723633}
	EndGlobalSection
EndGlobal
