
Microsoft Visual Studio Solution File, Format Version 12.00
# Visual Studio Version 16
VisualStudioVersion = 16.0.31613.86
MinimumVisualStudioVersion = 10.0.40219.1
Project("{2150E333-8FDC-42A3-9474-1A3956D46DE8}") = "src", "src", "{73F74D17-E7C1-4A7A-8F6E-DB572BA95303}"
EndProject
Project("{2150E333-8FDC-42A3-9474-1A3956D46DE8}") = "test", "test", "{65BCED66-684B-4582-8BD8-E8D9C341D23F}"
EndProject
Project("{2150E333-8FDC-42A3-9474-1A3956D46DE8}") = "API", "API", "{D77A0A28-68C2-4BB4-A8FC-21B52888D66A}"
EndProject
Project("{2150E333-8FDC-42A3-9474-1A3956D46DE8}") = "OAuth", "OAuth", "{3A080833-1DCF-4D0D-87A8-30F1CE48A8F2}"
EndProject
Project("{2150E333-8FDC-42A3-9474-1A3956D46DE8}") = "AdminPanel", "AdminPanel", "{F2102294-F7AC-4041-8F3A-80FD74C4B1AA}"
EndProject
Project("{2150E333-8FDC-42A3-9474-1A3956D46DE8}") = "Client", "Client", "{B302E0D2-DA96-4FBE-994C-70FDE1D981B4}"
EndProject
Project("{2150E333-8FDC-42A3-9474-1A3956D46DE8}") = "Logger", "Logger", "{459AC413-552B-44A0-8FFE-C06BD078F26D}"
EndProject
Project("{9A19103F-16F7-4668-BE54-9A1E7A4F7556}") = "ApiGateway", "src\ApiGateway\ApiGateway.csproj", "{55FEF6CB-B733-40B6-BCD8-29ADAE62B3B0}"
EndProject
Project("{2150E333-8FDC-42A3-9474-1A3956D46DE8}") = "APIGateway", "APIGateway", "{47CDEC45-BBCE-4150-B135-B40EC4B0CB76}"
EndProject
Project("{9A19103F-16F7-4668-BE54-9A1E7A4F7556}") = "AdminPanel", "src\AdminPanel\AdminPanel.csproj", "{777FCBBC-FD3F-4A27-822C-353AB775CF36}"
EndProject
Project("{9A19103F-16F7-4668-BE54-9A1E7A4F7556}") = "IdentityServer", "src\OAuth\IdentityServer.csproj", "{19DA9194-61A7-4DEC-BDE3-0A76E1A463B4}"
EndProject
Project("{9A19103F-16F7-4668-BE54-9A1E7A4F7556}") = "CardApi", "src\API\CardApi\CardApi.csproj", "{39C8FF2E-1BCA-43C1-BA08-4FE4015594C8}"
EndProject
Project("{9A19103F-16F7-4668-BE54-9A1E7A4F7556}") = "InquiryApi", "src\API\InquiryApi\InquiryApi.csproj", "{A0412F8C-860C-4ACF-A32D-36077AB3AE89}"
EndProject
Project("{FAE04EC0-301F-11D3-BF4B-00C04F79EFBC}") = "Web", "src\Client\Web\Web.csproj", "{4CD84BF5-385A-42F6-A79D-06CFAED3F2A4}"
EndProject
Global
	GlobalSection(SolutionConfigurationPlatforms) = preSolution
		Debug|Any CPU = Debug|Any CPU
		Release|Any CPU = Release|Any CPU
	EndGlobalSection
	GlobalSection(ProjectConfigurationPlatforms) = postSolution
		{55FEF6CB-B733-40B6-BCD8-29ADAE62B3B0}.Debug|Any CPU.ActiveCfg = Debug|Any CPU
		{55FEF6CB-B733-40B6-BCD8-29ADAE62B3B0}.Debug|Any CPU.Build.0 = Debug|Any CPU
		{55FEF6CB-B733-40B6-BCD8-29ADAE62B3B0}.Release|Any CPU.ActiveCfg = Release|Any CPU
		{55FEF6CB-B733-40B6-BCD8-29ADAE62B3B0}.Release|Any CPU.Build.0 = Release|Any CPU
		{777FCBBC-FD3F-4A27-822C-353AB775CF36}.Debug|Any CPU.ActiveCfg = Debug|Any CPU
		{777FCBBC-FD3F-4A27-822C-353AB775CF36}.Debug|Any CPU.Build.0 = Debug|Any CPU
		{777FCBBC-FD3F-4A27-822C-353AB775CF36}.Release|Any CPU.ActiveCfg = Release|Any CPU
		{777FCBBC-FD3F-4A27-822C-353AB775CF36}.Release|Any CPU.Build.0 = Release|Any CPU
		{19DA9194-61A7-4DEC-BDE3-0A76E1A463B4}.Debug|Any CPU.ActiveCfg = Debug|Any CPU
		{19DA9194-61A7-4DEC-BDE3-0A76E1A463B4}.Debug|Any CPU.Build.0 = Debug|Any CPU
		{19DA9194-61A7-4DEC-BDE3-0A76E1A463B4}.Release|Any CPU.ActiveCfg = Release|Any CPU
		{19DA9194-61A7-4DEC-BDE3-0A76E1A463B4}.Release|Any CPU.Build.0 = Release|Any CPU
		{39C8FF2E-1BCA-43C1-BA08-4FE4015594C8}.Debug|Any CPU.ActiveCfg = Debug|Any CPU
		{39C8FF2E-1BCA-43C1-BA08-4FE4015594C8}.Debug|Any CPU.Build.0 = Debug|Any CPU
		{39C8FF2E-1BCA-43C1-BA08-4FE4015594C8}.Release|Any CPU.ActiveCfg = Release|Any CPU
		{39C8FF2E-1BCA-43C1-BA08-4FE4015594C8}.Release|Any CPU.Build.0 = Release|Any CPU
		{A0412F8C-860C-4ACF-A32D-36077AB3AE89}.Debug|Any CPU.ActiveCfg = Debug|Any CPU
		{A0412F8C-860C-4ACF-A32D-36077AB3AE89}.Debug|Any CPU.Build.0 = Debug|Any CPU
		{A0412F8C-860C-4ACF-A32D-36077AB3AE89}.Release|Any CPU.ActiveCfg = Release|Any CPU
		{A0412F8C-860C-4ACF-A32D-36077AB3AE89}.Release|Any CPU.Build.0 = Release|Any CPU
		{4CD84BF5-385A-42F6-A79D-06CFAED3F2A4}.Debug|Any CPU.ActiveCfg = Debug|Any CPU
		{4CD84BF5-385A-42F6-A79D-06CFAED3F2A4}.Debug|Any CPU.Build.0 = Debug|Any CPU
		{4CD84BF5-385A-42F6-A79D-06CFAED3F2A4}.Release|Any CPU.ActiveCfg = Release|Any CPU
		{4CD84BF5-385A-42F6-A79D-06CFAED3F2A4}.Release|Any CPU.Build.0 = Release|Any CPU
	EndGlobalSection
	GlobalSection(SolutionProperties) = preSolution
		HideSolutionNode = FALSE
	EndGlobalSection
	GlobalSection(NestedProjects) = preSolution
		{D77A0A28-68C2-4BB4-A8FC-21B52888D66A} = {73F74D17-E7C1-4A7A-8F6E-DB572BA95303}
		{3A080833-1DCF-4D0D-87A8-30F1CE48A8F2} = {73F74D17-E7C1-4A7A-8F6E-DB572BA95303}
		{F2102294-F7AC-4041-8F3A-80FD74C4B1AA} = {73F74D17-E7C1-4A7A-8F6E-DB572BA95303}
		{B302E0D2-DA96-4FBE-994C-70FDE1D981B4} = {73F74D17-E7C1-4A7A-8F6E-DB572BA95303}
		{459AC413-552B-44A0-8FFE-C06BD078F26D} = {73F74D17-E7C1-4A7A-8F6E-DB572BA95303}
		{55FEF6CB-B733-40B6-BCD8-29ADAE62B3B0} = {47CDEC45-BBCE-4150-B135-B40EC4B0CB76}
		{47CDEC45-BBCE-4150-B135-B40EC4B0CB76} = {73F74D17-E7C1-4A7A-8F6E-DB572BA95303}
		{777FCBBC-FD3F-4A27-822C-353AB775CF36} = {F2102294-F7AC-4041-8F3A-80FD74C4B1AA}
		{19DA9194-61A7-4DEC-BDE3-0A76E1A463B4} = {3A080833-1DCF-4D0D-87A8-30F1CE48A8F2}
		{39C8FF2E-1BCA-43C1-BA08-4FE4015594C8} = {D77A0A28-68C2-4BB4-A8FC-21B52888D66A}
		{A0412F8C-860C-4ACF-A32D-36077AB3AE89} = {D77A0A28-68C2-4BB4-A8FC-21B52888D66A}
		{4CD84BF5-385A-42F6-A79D-06CFAED3F2A4} = {B302E0D2-DA96-4FBE-994C-70FDE1D981B4}
	EndGlobalSection
	GlobalSection(ExtensibilityGlobals) = postSolution
		SolutionGuid = {5D018CB9-FC12-4E6A-9F01-098999723633}
	EndGlobalSection
EndGlobal
